
Microsoft Visual Studio Solution File, Format Version 12.00
# Visual Studio Version 17
VisualStudioVersion = 17.1.32421.90
MinimumVisualStudioVersion = 10.0.40219.1
Project("{FAE04EC0-301F-11D3-BF4B-00C04F79EFBC}") = "GomokuWPF", "GomokuWPF\GomokuWPF.csproj", "{AA6B8070-50F2-4E30-8A50-33A5F3C6853C}"
EndProject
Global
	GlobalSection(SolutionConfigurationPlatforms) = preSolution
		Debug|Any CPU = Debug|Any CPU
		Release|Any CPU = Release|Any CPU
	EndGlobalSection
	GlobalSection(ProjectConfigurationPlatforms) = postSolution
		{AA6B8070-50F2-4E30-8A50-33A5F3C6853C}.Debug|Any CPU.ActiveCfg = Debug|Any CPU
		{AA6B8070-50F2-4E30-8A50-33A5F3C6853C}.Debug|Any CPU.Build.0 = Debug|Any CPU
		{AA6B8070-50F2-4E30-8A50-33A5F3C6853C}.Release|Any CPU.ActiveCfg = Release|Any CPU
		{AA6B8070-50F2-4E30-8A50-33A5F3C6853C}.Release|Any CPU.Build.0 = Release|Any CPU
	EndGlobalSection
	GlobalSection(SolutionProperties) = preSolution
		HideSolutionNode = FALSE
	EndGlobalSection
	GlobalSection(ExtensibilityGlobals) = postSolution
		SolutionGuid = {EAAD7BC7-672F-4491-AAF9-BCF66396935C}
	EndGlobalSection
EndGlobal
